{
  "requires": true,
  "lockfileVersion": 1,
  "dependencies": {
    "async-limiter": {
      "version": "1.0.0",
      "resolved": "https://registry.npm.taobao.org/async-limiter/download/async-limiter-1.0.0.tgz",
      "integrity": "sha1-ePrtjD0HSrgfIrTphdeehzj3IPg="
    },
    "ws": {
      "version": "7.0.1",
      "resolved": "https://registry.npm.taobao.org/ws/download/ws-7.0.1.tgz?cache=0&sync_timestamp=1560788200711&other_urls=https%3A%2F%2Fregistry.npm.taobao.org%2Fws%2Fdownload%2Fws-7.0.1.tgz",
      "integrity": "sha1-GgTobMOlfAN4P0kQ/bCQzzG44WU=",
      "requires": {
        "async-limiter": "^1.0.0"
      }
    }
  }
}
